DEPENDENCIES
  wp
    path: cookbooks/wp

GRAPH
  apt (2.6.1)
  bluepill (2.3.1)
    rsyslog (>= 0.0.0)
  build-essential (2.1.3)
  hostupgrade (0.1.2)
  mariadb (0.2.10)
    apt (>= 0.0.0)
    yum (>= 0.0.0)
  memcached (1.7.2)
    runit (~> 1.0)
    yum (~> 3.0)
    yum-epel (>= 0.0.0)
  mysql (6.0.6)
    smf (>= 0.0.0)
    yum-mysql-community (>= 0.0.0)
  mysql_chef_gem (2.0.2)
    build-essential (>= 0.0.0)
    mariadb (>= 0.0.0)
    mysql (>= 0.0.0)
  nginx (2.7.4)
    apt (~> 2.2)
    bluepill (~> 2.3)
    build-essential (~> 2.0)
    ohai (~> 2.0)
    runit (~> 1.2)
    yum-epel (~> 0.3)
  ohai (2.0.1)
  php5-fpm (0.4.2)
    hostupgrade (>= 0.0.0)
  rbac (1.0.2)
  resource-control (0.1.1)
  rsyslog (1.13.0)
  runit (1.5.12)
    build-essential (>= 0.0.0)
    yum (~> 3.0)
    yum-epel (>= 0.0.0)
  smf (2.2.1)
    rbac (>= 1.0.1)
    resource-control (>= 0.0.0)
  wp (0.1.0)
    memcached (~> 1.7.2)
    mysql (~> 6.0)
    mysql_chef_gem (>= 0.0.0)
    nginx (>= 0.0.0)
    php5-fpm (>= 0.0.0)
  yum (3.5.2)
  yum-epel (0.6.0)
    yum (~> 3.0)
  yum-mysql-community (0.1.11)
    yum (>= 3.0)
